// !$*UTF8*$!
{
	archiveVersion = 1;
	classes = {
	};
	objectVersion = 55;
	objects = {

/* Begin PBXBuildFile section */
		3A7D0AAD28830E3600AF83E0 /* AssignmentApp.swift in Sources */ = {isa = PBXBuildFile; fileRef = 3A7D0AAC28830E3600AF83E0 /* AssignmentApp.swift */; };
		3A7D0AB128830E3700AF83E0 /* Assets.xcassets in Resources */ = {isa = PBXBuildFile; fileRef = 3A7D0AB028830E3700AF83E0 /* Assets.xcassets */; };
		3A7D0AB428830E3700AF83E0 /* Preview Assets.xcassets in Resources */ = {isa = PBXBuildFile; fileRef = 3A7D0AB328830E3700AF83E0 /* Preview Assets.xcassets */; };
		3A7D0ABE28830E3700AF83E0 /* AssignmentTests.swift in Sources */ = {isa = PBXBuildFile; fileRef = 3A7D0ABD28830E3700AF83E0 /* AssignmentTests.swift */; };
		3A7D0AC828830E3700AF83E0 /* AssignmentUITests.swift in Sources */ = {isa = PBXBuildFile; fileRef = 3A7D0AC728830E3700AF83E0 /* AssignmentUITests.swift */; };
		3A7D0ACA28830E3700AF83E0 /* AssignmentUITestsLaunchTests.swift in Sources */ = {isa = PBXBuildFile; fileRef = 3A7D0AC928830E3700AF83E0 /* AssignmentUITestsLaunchTests.swift */; };
		3A7D0AD828830F5B00AF83E0 /* EntryPoint.swift in Sources */ = {isa = PBXBuildFile; fileRef = 3A7D0AD728830F5B00AF83E0 /* EntryPoint.swift */; };
		3A7D0ADF2883115900AF83E0 /* Staging.xcconfig in Resources */ = {isa = PBXBuildFile; fileRef = 3A7D0ADE2883115900AF83E0 /* Staging.xcconfig */; };
		3A7D0AE02883115900AF83E0 /* Staging.xcconfig in Resources */ = {isa = PBXBuildFile; fileRef = 3A7D0ADE2883115900AF83E0 /* Staging.xcconfig */; };
		3A7D0AE12883115900AF83E0 /* Staging.xcconfig in Resources */ = {isa = PBXBuildFile; fileRef = 3A7D0ADE2883115900AF83E0 /* Staging.xcconfig */; };
		4BE27D92789539C8332137CE /* Pods_AssignmentTests.framework in Frameworks */ = {isa = PBXBuildFile; fileRef = A6679702ED5FEEC34611586B /* Pods_AssignmentTests.framework */; };
		878DB329AF90D674E8C779DB /* Pods_Assignment.framework in Frameworks */ = {isa = PBXBuildFile; fileRef = 11E05B82B60D7679BD823A8C /* Pods_Assignment.framework */; };
		A87388BB78313BC7062C2375 /* Pods_Assignment_AssignmentUITests.framework in Frameworks */ = {isa = PBXBuildFile; fileRef = 892D6F677808306F6DEBF503 /* Pods_Assignment_AssignmentUITests.framework */; };
/* End PBXBuildFile section */

/* Begin PBXContainerItemProxy section */
		3A7D0ABA28830E3700AF83E0 /* PBXContainerItemProxy */ = {
			isa = PBXContainerItemProxy;
			containerPortal = 3A7D0AA128830E3600AF83E0 /* Project object */;
			proxyType = 1;
			remoteGlobalIDString = 3A7D0AA828830E3600AF83E0;
			remoteInfo = Assignment;
		};
		3A7D0AC428830E3700AF83E0 /* PBXContainerItemProxy */ = {
			isa = PBXContainerItemProxy;
			containerPortal = 3A7D0AA128830E3600AF83E0 /* Project object */;
			proxyType = 1;
			remoteGlobalIDString = 3A7D0AA828830E3600AF83E0;
			remoteInfo = Assignment;
		};
/* End PBXContainerItemProxy section */

/* Begin PBXFileReference section */
		0C7FD6CC1EE411141E091835 /* Pods-Assignment-AssignmentUITests.debug.xcconfig */ = {isa = PBXFileReference; includeInIndex = 1; lastKnownFileType = text.xcconfig; name = "Pods-Assignment-AssignmentUITests.debug.xcconfig"; path = "Target Support Files/Pods-Assignment-AssignmentUITests/Pods-Assignment-AssignmentUITests.debug.xcconfig"; sourceTree = "<group>"; };
		11E05B82B60D7679BD823A8C /* Pods_Assignment.framework */ = {isa = PBXFileReference; explicitFileType = wrapper.framework; includeInIndex = 0; path = Pods_Assignment.framework; sourceTree = BUILT_PRODUCTS_DIR; };
		3A7D0AA928830E3600AF83E0 /* Assignment.app */ = {isa = PBXFileReference; explicitFileType = wrapper.application; includeInIndex = 0; path = Assignment.app; sourceTree = BUILT_PRODUCTS_DIR; };
		3A7D0AAC28830E3600AF83E0 /* AssignmentApp.swift */ = {isa = PBXFileReference; lastKnownFileType = sourcecode.swift; path = AssignmentApp.swift; sourceTree = "<group>"; };
		3A7D0AB028830E3700AF83E0 /* Assets.xcassets */ = {isa = PBXFileReference; lastKnownFileType = folder.assetcatalog; path = Assets.xcassets; sourceTree = "<group>"; };
		3A7D0AB328830E3700AF83E0 /* Preview Assets.xcassets */ = {isa = PBXFileReference; lastKnownFileType = folder.assetcatalog; path = "Preview Assets.xcassets"; sourceTree = "<group>"; };
		3A7D0AB928830E3700AF83E0 /* AssignmentTests.xctest */ = {isa = PBXFileReference; explicitFileType = wrapper.cfbundle; includeInIndex = 0; path = AssignmentTests.xctest; sourceTree = BUILT_PRODUCTS_DIR; };
		3A7D0ABD28830E3700AF83E0 /* AssignmentTests.swift */ = {isa = PBXFileReference; lastKnownFileType = sourcecode.swift; path = AssignmentTests.swift; sourceTree = "<group>"; };
		3A7D0AC328830E3700AF83E0 /* AssignmentUITests.xctest */ = {isa = PBXFileReference; explicitFileType = wrapper.cfbundle; includeInIndex = 0; path = AssignmentUITests.xctest; sourceTree = BUILT_PRODUCTS_DIR; };
		3A7D0AC728830E3700AF83E0 /* AssignmentUITests.swift */ = {isa = PBXFileReference; lastKnownFileType = sourcecode.swift; path = AssignmentUITests.swift; sourceTree = "<group>"; };
		3A7D0AC928830E3700AF83E0 /* AssignmentUITestsLaunchTests.swift */ = {isa = PBXFileReference; lastKnownFileType = sourcecode.swift; path = AssignmentUITestsLaunchTests.swift; sourceTree = "<group>"; };
		3A7D0AD728830F5B00AF83E0 /* EntryPoint.swift */ = {isa = PBXFileReference; lastKnownFileType = sourcecode.swift; path = EntryPoint.swift; sourceTree = "<group>"; };
		3A7D0ADE2883115900AF83E0 /* Staging.xcconfig */ = {isa = PBXFileReference; lastKnownFileType = text.xcconfig; path = Staging.xcconfig; sourceTree = "<group>"; };
		891A215BD0A190FFD6E7DD39 /* Pods-Assignment-AssignmentUITests.release.xcconfig */ = {isa = PBXFileReference; includeInIndex = 1; lastKnownFileType = text.xcconfig; name = "Pods-Assignment-AssignmentUITests.release.xcconfig"; path = "Target Support Files/Pods-Assignment-AssignmentUITests/Pods-Assignment-AssignmentUITests.release.xcconfig"; sourceTree = "<group>"; };
		892D6F677808306F6DEBF503 /* Pods_Assignment_AssignmentUITests.framework */ = {isa = PBXFileReference; explicitFileType = wrapper.framework; includeInIndex = 0; path = Pods_Assignment_AssignmentUITests.framework; sourceTree = BUILT_PRODUCTS_DIR; };
		A6679702ED5FEEC34611586B /* Pods_AssignmentTests.framework */ = {isa = PBXFileReference; explicitFileType = wrapper.framework; includeInIndex = 0; path = Pods_AssignmentTests.framework; sourceTree = BUILT_PRODUCTS_DIR; };
		AA491A304E3EE014AA909157 /* Pods-AssignmentTests.debug.xcconfig */ = {isa = PBXFileReference; includeInIndex = 1; lastKnownFileType = text.xcconfig; name = "Pods-AssignmentTests.debug.xcconfig"; path = "Target Support Files/Pods-AssignmentTests/Pods-AssignmentTests.debug.xcconfig"; sourceTree = "<group>"; };
		C12A332954113326A6BBFEB3 /* Pods-Assignment.debug.xcconfig */ = {isa = PBXFileReference; includeInIndex = 1; lastKnownFileType = text.xcconfig; name = "Pods-Assignment.debug.xcconfig"; path = "Target Support Files/Pods-Assignment/Pods-Assignment.debug.xcconfig"; sourceTree = "<group>"; };
		E294CE3794B3FA47D26CF3F5 /* Pods-AssignmentTests.release.xcconfig */ = {isa = PBXFileReference; includeInIndex = 1; lastKnownFileType = text.xcconfig; name = "Pods-AssignmentTests.release.xcconfig"; path = "Target Support Files/Pods-AssignmentTests/Pods-AssignmentTests.release.xcconfig"; sourceTree = "<group>"; };
		F42493E2F365D90EB25CB08A /* Pods-Assignment.release.xcconfig */ = {isa = PBXFileReference; includeInIndex = 1; lastKnownFileType = text.xcconfig; name = "Pods-Assignment.release.xcconfig"; path = "Target Support Files/Pods-Assignment/Pods-Assignment.release.xcconfig"; sourceTree = "<group>"; };
/* End PBXFileReference section */

/* Begin PBXFrameworksBuildPhase section */
		3A7D0AA628830E3600AF83E0 /* Frameworks */ = {
			isa = PBXFrameworksBuildPhase;
			buildActionMask = 2147483647;
			files = (
				878DB329AF90D674E8C779DB /* Pods_Assignment.framework in Frameworks */,
			);
			runOnlyForDeploymentPostprocessing = 0;
		};
		3A7D0AB628830E3700AF83E0 /* Frameworks */ = {
			isa = PBXFrameworksBuildPhase;
			buildActionMask = 2147483647;
			files = (
				4BE27D92789539C8332137CE /* Pods_AssignmentTests.framework in Frameworks */,
			);
			runOnlyForDeploymentPostprocessing = 0;
		};
		3A7D0AC028830E3700AF83E0 /* Frameworks */ = {
			isa = PBXFrameworksBuildPhase;
			buildActionMask = 2147483647;
			files = (
				A87388BB78313BC7062C2375 /* Pods_Assignment_AssignmentUITests.framework in Frameworks */,
			);
			runOnlyForDeploymentPostprocessing = 0;
		};
/* End PBXFrameworksBuildPhase section */

/* Begin PBXGroup section */
		3A7D0AA028830E3600AF83E0 = {
			isa = PBXGroup;
			children = (
				3A7D0AAB28830E3600AF83E0 /* Assignment */,
				3A7D0ABC28830E3700AF83E0 /* AssignmentTests */,
				3A7D0AC628830E3700AF83E0 /* AssignmentUITests */,
				3A7D0AAA28830E3600AF83E0 /* Products */,
				3F59081045E7A837E7ED5E59 /* Pods */,
				E81EE2A67B1BD094F9550B93 /* Frameworks */,
			);
			sourceTree = "<group>";
		};
		3A7D0AAA28830E3600AF83E0 /* Products */ = {
			isa = PBXGroup;
			children = (
				3A7D0AA928830E3600AF83E0 /* Assignment.app */,
				3A7D0AB928830E3700AF83E0 /* AssignmentTests.xctest */,
				3A7D0AC328830E3700AF83E0 /* AssignmentUITests.xctest */,
			);
			name = Products;
			sourceTree = "<group>";
		};
		3A7D0AAB28830E3600AF83E0 /* Assignment */ = {
			isa = PBXGroup;
			children = (
				3A7D0ADB2883108300AF83E0 /* Configurations */,
				3A7D0AD628830F2000AF83E0 /* App */,
				3A7D0AB028830E3700AF83E0 /* Assets.xcassets */,
				3A7D0AB228830E3700AF83E0 /* Preview Content */,
			);
			path = Assignment;
			sourceTree = "<group>";
		};
		3A7D0AB228830E3700AF83E0 /* Preview Content */ = {
			isa = PBXGroup;
			children = (
				3A7D0AB328830E3700AF83E0 /* Preview Assets.xcassets */,
			);
			path = "Preview Content";
			sourceTree = "<group>";
		};
		3A7D0ABC28830E3700AF83E0 /* AssignmentTests */ = {
			isa = PBXGroup;
			children = (
				3A7D0ABD28830E3700AF83E0 /* AssignmentTests.swift */,
			);
			path = AssignmentTests;
			sourceTree = "<group>";
		};
		3A7D0AC628830E3700AF83E0 /* AssignmentUITests */ = {
			isa = PBXGroup;
			children = (
				3A7D0AC728830E3700AF83E0 /* AssignmentUITests.swift */,
				3A7D0AC928830E3700AF83E0 /* AssignmentUITestsLaunchTests.swift */,
			);
			path = AssignmentUITests;
			sourceTree = "<group>";
		};
		3A7D0AD628830F2000AF83E0 /* App */ = {
			isa = PBXGroup;
			children = (
				3A7D0AAC28830E3600AF83E0 /* AssignmentApp.swift */,
				3A7D0AD728830F5B00AF83E0 /* EntryPoint.swift */,
			);
			path = App;
			sourceTree = "<group>";
		};
		3A7D0ADB2883108300AF83E0 /* Configurations */ = {
			isa = PBXGroup;
			children = (
				3A7D0ADE2883115900AF83E0 /* Staging.xcconfig */,
			);
			path = Configurations;
			sourceTree = "<group>";
		};
		3F59081045E7A837E7ED5E59 /* Pods */ = {
			isa = PBXGroup;
			children = (
				C12A332954113326A6BBFEB3 /* Pods-Assignment.debug.xcconfig */,
				F42493E2F365D90EB25CB08A /* Pods-Assignment.release.xcconfig */,
				0C7FD6CC1EE411141E091835 /* Pods-Assignment-AssignmentUITests.debug.xcconfig */,
				891A215BD0A190FFD6E7DD39 /* Pods-Assignment-AssignmentUITests.release.xcconfig */,
				AA491A304E3EE014AA909157 /* Pods-AssignmentTests.debug.xcconfig */,
				E294CE3794B3FA47D26CF3F5 /* Pods-AssignmentTests.release.xcconfig */,
			);
			path = Pods;
			sourceTree = "<group>";
		};
		E81EE2A67B1BD094F9550B93 /* Frameworks */ = {
			isa = PBXGroup;
			children = (
				11E05B82B60D7679BD823A8C /* Pods_Assignment.framework */,
				892D6F677808306F6DEBF503 /* Pods_Assignment_AssignmentUITests.framework */,
				A6679702ED5FEEC34611586B /* Pods_AssignmentTests.framework */,
			);
			name = Frameworks;
			sourceTree = "<group>";
		};
/* End PBXGroup section */

/* Begin PBXNativeTarget section */
		3A7D0AA828830E3600AF83E0 /* Assignment */ = {
			isa = PBXNativeTarget;
			buildConfigurationList = 3A7D0ACD28830E3700AF83E0 /* Build configuration list for PBXNativeTarget "Assignment" */;
			buildPhases = (
				1B9B47D7101CA1DCEFB479B7 /* [CP] Check Pods Manifest.lock */,
				3A7D0AA528830E3600AF83E0 /* Sources */,
				3A7D0AA628830E3600AF83E0 /* Frameworks */,
				3A7D0AA728830E3600AF83E0 /* Resources */,
				305CF1C75C17EAC9A552CF67 /* [CP] Embed Pods Frameworks */,
			);
			buildRules = (
			);
			dependencies = (
			);
			name = Assignment;
			productName = Assignment;
			productReference = 3A7D0AA928830E3600AF83E0 /* Assignment.app */;
			productType = "com.apple.product-type.application";
		};
		3A7D0AB828830E3700AF83E0 /* AssignmentTests */ = {
			isa = PBXNativeTarget;
			buildConfigurationList = 3A7D0AD028830E3700AF83E0 /* Build configuration list for PBXNativeTarget "AssignmentTests" */;
			buildPhases = (
				0CF07C11E7E6E79673B52492 /* [CP] Check Pods Manifest.lock */,
				3A7D0AB528830E3700AF83E0 /* Sources */,
				3A7D0AB628830E3700AF83E0 /* Frameworks */,
				3A7D0AB728830E3700AF83E0 /* Resources */,
			);
			buildRules = (
			);
			dependencies = (
				3A7D0ABB28830E3700AF83E0 /* PBXTargetDependency */,
			);
			name = AssignmentTests;
			productName = AssignmentTests;
			productReference = 3A7D0AB928830E3700AF83E0 /* AssignmentTests.xctest */;
			productType = "com.apple.product-type.bundle.unit-test";
		};
		3A7D0AC228830E3700AF83E0 /* AssignmentUITests */ = {
			isa = PBXNativeTarget;
			buildConfigurationList = 3A7D0AD328830E3700AF83E0 /* Build configuration list for PBXNativeTarget "AssignmentUITests" */;
			buildPhases = (
				E9366F52C9455CEE51C14F70 /* [CP] Check Pods Manifest.lock */,
				3A7D0ABF28830E3700AF83E0 /* Sources */,
				3A7D0AC028830E3700AF83E0 /* Frameworks */,
				3A7D0AC128830E3700AF83E0 /* Resources */,
				C74883984021403EF887829D /* [CP] Embed Pods Frameworks */,
			);
			buildRules = (
			);
			dependencies = (
				3A7D0AC528830E3700AF83E0 /* PBXTargetDependency */,
			);
			name = AssignmentUITests;
			productName = AssignmentUITests;
			productReference = 3A7D0AC328830E3700AF83E0 /* AssignmentUITests.xctest */;
			productType = "com.apple.product-type.bundle.ui-testing";
		};
/* End PBXNativeTarget section */

/* Begin PBXProject section */
		3A7D0AA128830E3600AF83E0 /* Project object */ = {
			isa = PBXProject;
			attributes = {
				BuildIndependentTargetsInParallel = 1;
				LastSwiftUpdateCheck = 1340;
				LastUpgradeCheck = 1340;
				TargetAttributes = {
					3A7D0AA828830E3600AF83E0 = {
						CreatedOnToolsVersion = 13.4.1;
					};
					3A7D0AB828830E3700AF83E0 = {
						CreatedOnToolsVersion = 13.4.1;
						TestTargetID = 3A7D0AA828830E3600AF83E0;
					};
					3A7D0AC228830E3700AF83E0 = {
						CreatedOnToolsVersion = 13.4.1;
						TestTargetID = 3A7D0AA828830E3600AF83E0;
					};
				};
			};
			buildConfigurationList = 3A7D0AA428830E3600AF83E0 /* Build configuration list for PBXProject "Assignment" */;
			compatibilityVersion = "Xcode 13.0";
			developmentRegion = en;
			hasScannedForEncodings = 0;
			knownRegions = (
				en,
				Base,
			);
			mainGroup = 3A7D0AA028830E3600AF83E0;
			productRefGroup = 3A7D0AAA28830E3600AF83E0 /* Products */;
			projectDirPath = "";
			projectRoot = "";
			targets = (
				3A7D0AA828830E3600AF83E0 /* Assignment */,
				3A7D0AB828830E3700AF83E0 /* AssignmentTests */,
				3A7D0AC228830E3700AF83E0 /* AssignmentUITests */,
			);
		};
/* End PBXProject section */

/* Begin PBXResourcesBuildPhase section */
		3A7D0AA728830E3600AF83E0 /* Resources */ = {
			isa = PBXResourcesBuildPhase;
			buildActionMask = 2147483647;
			files = (
				3A7D0AB428830E3700AF83E0 /* Preview Assets.xcassets in Resources */,
				3A7D0ADF2883115900AF83E0 /* Staging.xcconfig in Resources */,
				3A7D0AB128830E3700AF83E0 /* Assets.xcassets in Resources */,
			);
			runOnlyForDeploymentPostprocessing = 0;
		};
		3A7D0AB728830E3700AF83E0 /* Resources */ = {
			isa = PBXResourcesBuildPhase;
			buildActionMask = 2147483647;
			files = (
				3A7D0AE02883115900AF83E0 /* Staging.xcconfig in Resources */,
			);
			runOnlyForDeploymentPostprocessing = 0;
		};
		3A7D0AC128830E3700AF83E0 /* Resources */ = {
			isa = PBXResourcesBuildPhase;
			buildActionMask = 2147483647;
			files = (
				3A7D0AE12883115900AF83E0 /* Staging.xcconfig in Resources */,
			);
			runOnlyForDeploymentPostprocessing = 0;
		};
/* End PBXResourcesBuildPhase section */

/* Begin PBXShellScriptBuildPhase section */
		0CF07C11E7E6E79673B52492 /* [CP] Check Pods Manifest.lock */ = {
			isa = PBXShellScriptBuildPhase;
			buildActionMask = 2147483647;
			files = (
			);
			inputFileListPaths = (
			);
			inputPaths = (
				"${PODS_PODFILE_DIR_PATH}/Podfile.lock",
				"${PODS_ROOT}/Manifest.lock",
			);
			name = "[CP] Check Pods Manifest.lock";
			outputFileListPaths = (
			);
			outputPaths = (
				"$(DERIVED_FILE_DIR)/Pods-AssignmentTests-checkManifestLockResult.txt",
			);
			runOnlyForDeploymentPostprocessing = 0;
			shellPath = /bin/sh;
			shellScript = "diff \"${PODS_PODFILE_DIR_PATH}/Podfile.lock\" \"${PODS_ROOT}/Manifest.lock\" > /dev/null\nif [ $? != 0 ] ; then\n    # print error to STDERR\n    echo \"error: The sandbox is not in sync with the Podfile.lock. Run 'pod install' or update your CocoaPods installation.\" >&2\n    exit 1\nfi\n# This output is used by Xcode 'outputs' to avoid re-running this script phase.\necho \"SUCCESS\" > \"${SCRIPT_OUTPUT_FILE_0}\"\n";
			showEnvVarsInLog = 0;
		};
		1B9B47D7101CA1DCEFB479B7 /* [CP] Check Pods Manifest.lock */ = {
			isa = PBXShellScriptBuildPhase;
			buildActionMask = 2147483647;
			files = (
			);
			inputFileListPaths = (
			);
			inputPaths = (
				"${PODS_PODFILE_DIR_PATH}/Podfile.lock",
				"${PODS_ROOT}/Manifest.lock",
			);
			name = "[CP] Check Pods Manifest.lock";
			outputFileListPaths = (
			);
			outputPaths = (
				"$(DERIVED_FILE_DIR)/Pods-Assignment-checkManifestLockResult.txt",
			);
			runOnlyForDeploymentPostprocessing = 0;
			shellPath = /bin/sh;
			shellScript = "diff \"${PODS_PODFILE_DIR_PATH}/Podfile.lock\" \"${PODS_ROOT}/Manifest.lock\" > /dev/null\nif [ $? != 0 ] ; then\n    # print error to STDERR\n    echo \"error: The sandbox is not in sync with the Podfile.lock. Run 'pod install' or update your CocoaPods installation.\" >&2\n    exit 1\nfi\n# This output is used by Xcode 'outputs' to avoid re-running this script phase.\necho \"SUCCESS\" > \"${SCRIPT_OUTPUT_FILE_0}\"\n";
			showEnvVarsInLog = 0;
		};
		305CF1C75C17EAC9A552CF67 /* [CP] Embed Pods Frameworks */ = {
			isa = PBXShellScriptBuildPhase;
			buildActionMask = 2147483647;
			files = (
			);
			inputFileListPaths = (
				"${PODS_ROOT}/Target Support Files/Pods-Assignment/Pods-Assignment-frameworks-${CONFIGURATION}-input-files.xcfilelist",
			);
			name = "[CP] Embed Pods Frameworks";
			outputFileListPaths = (
				"${PODS_ROOT}/Target Support Files/Pods-Assignment/Pods-Assignment-frameworks-${CONFIGURATION}-output-files.xcfilelist",
			);
			runOnlyForDeploymentPostprocessing = 0;
			shellPath = /bin/sh;
			shellScript = "\"${PODS_ROOT}/Target Support Files/Pods-Assignment/Pods-Assignment-frameworks.sh\"\n";
			showEnvVarsInLog = 0;
		};
		C74883984021403EF887829D /* [CP] Embed Pods Frameworks */ = {
			isa = PBXShellScriptBuildPhase;
			buildActionMask = 2147483647;
			files = (
			);
			inputFileListPaths = (
				"${PODS_ROOT}/Target Support Files/Pods-Assignment-AssignmentUITests/Pods-Assignment-AssignmentUITests-frameworks-${CONFIGURATION}-input-files.xcfilelist",
			);
			name = "[CP] Embed Pods Frameworks";
			outputFileListPaths = (
				"${PODS_ROOT}/Target Support Files/Pods-Assignment-AssignmentUITests/Pods-Assignment-AssignmentUITests-frameworks-${CONFIGURATION}-output-files.xcfilelist",
			);
			runOnlyForDeploymentPostprocessing = 0;
			shellPath = /bin/sh;
			shellScript = "\"${PODS_ROOT}/Target Support Files/Pods-Assignment-AssignmentUITests/Pods-Assignment-AssignmentUITests-frameworks.sh\"\n";
			showEnvVarsInLog = 0;
		};
		E9366F52C9455CEE51C14F70 /* [CP] Check Pods Manifest.lock */ = {
			isa = PBXShellScriptBuildPhase;
			buildActionMask = 2147483647;
			files = (
			);
			inputFileListPaths = (
			);
			inputPaths = (
				"${PODS_PODFILE_DIR_PATH}/Podfile.lock",
				"${PODS_ROOT}/Manifest.lock",
			);
			name = "[CP] Check Pods Manifest.lock";
			outputFileListPaths = (
			);
			outputPaths = (
				"$(DERIVED_FILE_DIR)/Pods-Assignment-AssignmentUITests-checkManifestLockResult.txt",
			);
			runOnlyForDeploymentPostprocessing = 0;
			shellPath = /bin/sh;
			shellScript = "diff \"${PODS_PODFILE_DIR_PATH}/Podfile.lock\" \"${PODS_ROOT}/Manifest.lock\" > /dev/null\nif [ $? != 0 ] ; then\n    # print error to STDERR\n    echo \"error: The sandbox is not in sync with the Podfile.lock. Run 'pod install' or update your CocoaPods installation.\" >&2\n    exit 1\nfi\n# This output is used by Xcode 'outputs' to avoid re-running this script phase.\necho \"SUCCESS\" > \"${SCRIPT_OUTPUT_FILE_0}\"\n";
			showEnvVarsInLog = 0;
		};
/* End PBXShellScriptBuildPhase section */

/* Begin PBXSourcesBuildPhase section */
		3A7D0AA528830E3600AF83E0 /* Sources */ = {
			isa = PBXSourcesBuildPhase;
			buildActionMask = 2147483647;
			files = (
				3A7D0AAD28830E3600AF83E0 /* AssignmentApp.swift in Sources */,
				3A7D0AD828830F5B00AF83E0 /* EntryPoint.swift in Sources */,
			);
			runOnlyForDeploymentPostprocessing = 0;
		};
		3A7D0AB528830E3700AF83E0 /* Sources */ = {
			isa = PBXSourcesBuildPhase;
			buildActionMask = 2147483647;
			files = (
				3A7D0ABE28830E3700AF83E0 /* AssignmentTests.swift in Sources */,
			);
			runOnlyForDeploymentPostprocessing = 0;
		};
		3A7D0ABF28830E3700AF83E0 /* Sources */ = {
			isa = PBXSourcesBuildPhase;
			buildActionMask = 2147483647;
			files = (
				3A7D0AC828830E3700AF83E0 /* AssignmentUITests.swift in Sources */,
				3A7D0ACA28830E3700AF83E0 /* AssignmentUITestsLaunchTests.swift in Sources */,
			);
			runOnlyForDeploymentPostprocessing = 0;
		};
/* End PBXSourcesBuildPhase section */

/* Begin PBXTargetDependency section */
		3A7D0ABB28830E3700AF83E0 /* PBXTargetDependency */ = {
			isa = PBXTargetDependency;
			target = 3A7D0AA828830E3600AF83E0 /* Assignment */;
			targetProxy = 3A7D0ABA28830E3700AF83E0 /* PBXContainerItemProxy */;
		};
		3A7D0AC528830E3700AF83E0 /* PBXTargetDependency */ = {
			isa = PBXTargetDependency;
			target = 3A7D0AA828830E3600AF83E0 /* Assignment */;
			targetProxy = 3A7D0AC428830E3700AF83E0 /* PBXContainerItemProxy */;
		};
/* End PBXTargetDependency section */

/* Begin XCBuildConfiguration section */
		3A7D0ACB28830E3700AF83E0 /* Debug */ = {
			isa = XCBuildConfiguration;
			baseConfigurationReference = 3A7D0ADE2883115900AF83E0 /* Staging.xcconfig */;
			buildSettings = {
				ALWAYS_SEARCH_USER_PATHS = NO;
				CLANG_ANALYZER_NONNULL = YES;
				CLANG_ANALYZER_NUMBER_OBJECT_CONVERSION = YES_AGGRESSIVE;
				CLANG_CXX_LANGUAGE_STANDARD = "gnu++17";
				CLANG_ENABLE_MODULES = YES;
				CLANG_ENABLE_OBJC_ARC = YES;
				CLANG_ENABLE_OBJC_WEAK = YES;
				CLANG_WARN_BLOCK_CAPTURE_AUTORELEASING = YES;
				CLANG_WARN_BOOL_CONVERSION = YES;
				CLANG_WARN_COMMA = YES;
				CLANG_WARN_CONSTANT_CONVERSION = YES;
				CLANG_WARN_DEPRECATED_OBJC_IMPLEMENTATIONS = YES;
				CLANG_WARN_DIRECT_OBJC_ISA_USAGE = YES_ERROR;
				CLANG_WARN_DOCUMENTATION_COMMENTS = YES;
				CLANG_WARN_EMPTY_BODY = YES;
				CLANG_WARN_ENUM_CONVERSION = YES;
				CLANG_WARN_INFINITE_RECURSION = YES;
				CLANG_WARN_INT_CONVERSION = YES;
				CLANG_WARN_NON_LITERAL_NULL_CONVERSION = YES;
				CLANG_WARN_OBJC_IMPLICIT_RETAIN_SELF = YES;
				CLANG_WARN_OBJC_LITERAL_CONVERSION = YES;
				CLANG_WARN_OBJC_ROOT_CLASS = YES_ERROR;
				CLANG_WARN_QUOTED_INCLUDE_IN_FRAMEWORK_HEADER = YES;
				CLANG_WARN_RANGE_LOOP_ANALYSIS = YES;
				CLANG_WARN_STRICT_PROTOTYPES = YES;
				CLANG_WARN_SUSPICIOUS_MOVE = YES;
				CLANG_WARN_UNGUARDED_AVAILABILITY = YES_AGGRESSIVE;
				CLANG_WARN_UNREACHABLE_CODE = YES;
				CLANG_WARN__DUPLICATE_METHOD_MATCH = YES;
				COPY_PHASE_STRIP = NO;
				DEBUG_INFORMATION_FORMAT = dwarf;
				ENABLE_STRICT_OBJC_MSGSEND = YES;
				ENABLE_TESTABILITY = YES;
				GCC_C_LANGUAGE_STANDARD = gnu11;
				GCC_DYNAMIC_NO_PIC = NO;
				GCC_NO_COMMON_BLOCKS = YES;
				GCC_OPTIMIZATION_LEVEL = 0;
				GCC_PREPROCESSOR_DEFINITIONS = (
					"DEBUG=1",
					"$(inherited)",
				);
				GCC_WARN_64_TO_32_BIT_CONVERSION = YES;
				GCC_WARN_ABOUT_RETURN_TYPE = YES_ERROR;
				GCC_WARN_UNDECLARED_SELECTOR = YES;
				GCC_WARN_UNINITIALIZED_AUTOS = YES_AGGRESSIVE;
				GCC_WARN_UNUSED_FUNCTION = YES;
				GCC_WARN_UNUSED_VARIABLE = YES;
				IPHONEOS_DEPLOYMENT_TARGET = 15.5;
				MTL_ENABLE_DEBUG_INFO = INCLUDE_SOURCE;
				MTL_FAST_MATH = YES;
				ONLY_ACTIVE_ARCH = YES;
				SDKROOT = iphoneos;
				SWIFT_ACTIVE_COMPILATION_CONDITIONS = DEBUG;
				SWIFT_OPTIMIZATION_LEVEL = "-Onone";
			};
			name = Debug;
		};
		3A7D0ACC28830E3700AF83E0 /* Release */ = {
			isa = XCBuildConfiguration;
			baseConfigurationReference = 3A7D0ADE2883115900AF83E0 /* Staging.xcconfig */;
			buildSettings = {
				ALWAYS_SEARCH_USER_PATHS = NO;
				CLANG_ANALYZER_NONNULL = YES;
				CLANG_ANALYZER_NUMBER_OBJECT_CONVERSION = YES_AGGRESSIVE;
				CLANG_CXX_LANGUAGE_STANDARD = "gnu++17";
				CLANG_ENABLE_MODULES = YES;
				CLANG_ENABLE_OBJC_ARC = YES;
				CLANG_ENABLE_OBJC_WEAK = YES;
				CLANG_WARN_BLOCK_CAPTURE_AUTORELEASING = YES;
				CLANG_WARN_BOOL_CONVERSION = YES;
				CLANG_WARN_COMMA = YES;
				CLANG_WARN_CONSTANT_CONVERSION = YES;
				CLANG_WARN_DEPRECATED_OBJC_IMPLEMENTATIONS = YES;
				CLANG_WARN_DIRECT_OBJC_ISA_USAGE = YES_ERROR;
				CLANG_WARN_DOCUMENTATION_COMMENTS = YES;
				CLANG_WARN_EMPTY_BODY = YES;
				CLANG_WARN_ENUM_CONVERSION = YES;
				CLANG_WARN_INFINITE_RECURSION = YES;
				CLANG_WARN_INT_CONVERSION = YES;
				CLANG_WARN_NON_LITERAL_NULL_CONVERSION = YES;
				CLANG_WARN_OBJC_IMPLICIT_RETAIN_SELF = YES;
				CLANG_WARN_OBJC_LITERAL_CONVERSION = YES;
				CLANG_WARN_OBJC_ROOT_CLASS = YES_ERROR;
				CLANG_WARN_QUOTED_INCLUDE_IN_FRAMEWORK_HEADER = YES;
				CLANG_WARN_RANGE_LOOP_ANALYSIS = YES;
				CLANG_WARN_STRICT_PROTOTYPES = YES;
				CLANG_WARN_SUSPICIOUS_MOVE = YES;
				CLANG_WARN_UNGUARDED_AVAILABILITY = YES_AGGRESSIVE;
				CLANG_WARN_UNREACHABLE_CODE = YES;
				CLANG_WARN__DUPLICATE_METHOD_MATCH = YES;
				COPY_PHASE_STRIP = NO;
				DEBUG_INFORMATION_FORMAT = "dwarf-with-dsym";
				ENABLE_NS_ASSERTIONS = NO;
				ENABLE_STRICT_OBJC_MSGSEND = YES;
				GCC_C_LANGUAGE_STANDARD = gnu11;
				GCC_NO_COMMON_BLOCKS = YES;
				GCC_WARN_64_TO_32_BIT_CONVERSION = YES;
				GCC_WARN_ABOUT_RETURN_TYPE = YES_ERROR;
				GCC_WARN_UNDECLARED_SELECTOR = YES;
				GCC_WARN_UNINITIALIZED_AUTOS = YES_AGGRESSIVE;
				GCC_WARN_UNUSED_FUNCTION = YES;
				GCC_WARN_UNUSED_VARIABLE = YES;
				IPHONEOS_DEPLOYMENT_TARGET = 15.5;
				MTL_ENABLE_DEBUG_INFO = NO;
				MTL_FAST_MATH = YES;
				SDKROOT = iphoneos;
				SWIFT_COMPILATION_MODE = wholemodule;
				SWIFT_OPTIMIZATION_LEVEL = "-O";
				VALIDATE_PRODUCT = YES;
			};
			name = Release;
		};
		3A7D0ACE28830E3700AF83E0 /* Debug */ = {
			isa = XCBuildConfiguration;
			baseConfigurationReference = C12A332954113326A6BBFEB3 /* Pods-Assignment.debug.xcconfig */;
			buildSettings = {
				ASSETCATALOG_COMPILER_APPICON_NAME = AppIcon;
				ASSETCATALOG_COMPILER_GLOBAL_ACCENT_COLOR_NAME = AccentColor;
				CODE_SIGN_STYLE = Automatic;
				CURRENT_PROJECT_VERSION = 1;
				DEVELOPMENT_ASSET_PATHS = "\"Assignment/Preview Content\"";
				DEVELOPMENT_TEAM = FN4Y62X46R;
				ENABLE_PREVIEWS = YES;
				GENERATE_INFOPLIST_FILE = YES;
				INFOPLIST_FILE = Assignment/Info.plist;
				INFOPLIST_KEY_UIApplicationSceneManifest_Generation = YES;
				INFOPLIST_KEY_UIApplicationSupportsIndirectInputEvents = YES;
				INFOPLIST_KEY_UILaunchScreen_Generation = YES;
				INFOPLIST_KEY_UISupportedInterfaceOrientations_iPad = "UIInterfaceOrientationPortrait UIInterfaceOrientationPortraitUpsideDown UIInterfaceOrientationLandscapeLeft UIInterfaceOrientationLandscapeRight";
				INFOPLIST_KEY_UISupportedInterfaceOrientations_iPhone = "UIInterfaceOrientationPortrait UIInterfaceOrientationLandscapeLeft UIInterfaceOrientationLandscapeRight";
				LD_RUNPATH_SEARCH_PATHS = (
					"$(inherited)",
					"@executable_path/Frameworks",
				);
				MARKETING_VERSION = 1.0;
				PRODUCT_BUNDLE_IDENTIFIER = com.akcosh.me.Assignment;
				PRODUCT_NAME = "$(TARGET_NAME)";
				SWIFT_EMIT_LOC_STRINGS = YES;
				SWIFT_VERSION = 5.0;
				TARGETED_DEVICE_FAMILY = "1,2";
			};
			name = Debug;
		};
		3A7D0ACF28830E3700AF83E0 /* Release */ = {
			isa = XCBuildConfiguration;
			baseConfigurationReference = F42493E2F365D90EB25CB08A /* Pods-Assignment.release.xcconfig */;
			buildSettings = {
				ASSETCATALOG_COMPILER_APPICON_NAME = AppIcon;
				ASSETCATALOG_COMPILER_GLOBAL_ACCENT_COLOR_NAME = AccentColor;
				CODE_SIGN_STYLE = Automatic;
				CURRENT_PROJECT_VERSION = 1;
				DEVELOPMENT_ASSET_PATHS = "\"Assignment/Preview Content\"";
				DEVELOPMENT_TEAM = FN4Y62X46R;
				ENABLE_PREVIEWS = YES;
				GENERATE_INFOPLIST_FILE = YES;
				INFOPLIST_FILE = Assignment/Info.plist;
				INFOPLIST_KEY_UIApplicationSceneManifest_Generation = YES;
				INFOPLIST_KEY_UIApplicationSupportsIndirectInputEvents = YES;
				INFOPLIST_KEY_UILaunchScreen_Generation = YES;
				INFOPLIST_KEY_UISupportedInterfaceOrientations_iPad = "UIInterfaceOrientationPortrait UIInterfaceOrientationPortraitUpsideDown UIInterfaceOrientationLandscapeLeft UIInterfaceOrientationLandscapeRight";
				INFOPLIST_KEY_UISupportedInterfaceOrientations_iPhone = "UIInterfaceOrientationPortrait UIInterfaceOrientationLandscapeLeft UIInterfaceOrientationLandscapeRight";
				LD_RUNPATH_SEARCH_PATHS = (
					"$(inherited)",
					"@executable_path/Frameworks",
				);
				MARKETING_VERSION = 1.0;
				PRODUCT_BUNDLE_IDENTIFIER = com.akcosh.me.Assignment;
				PRODUCT_NAME = "$(TARGET_NAME)";
				SWIFT_EMIT_LOC_STRINGS = YES;
				SWIFT_VERSION = 5.0;
				TARGETED_DEVICE_FAMILY = "1,2";
			};
			name = Release;
		};
		3A7D0AD128830E3700AF83E0 /* Debug */ = {
			isa = XCBuildConfiguration;
			baseConfigurationReference = AA491A304E3EE014AA909157 /* Pods-AssignmentTests.debug.xcconfig */;
			buildSettings = {
				ALWAYS_EMBED_SWIFT_STANDARD_LIBRARIES = YES;
				BUNDLE_LOADER = "$(TEST_HOST)";
				CODE_SIGN_STYLE = Automatic;
				CURRENT_PROJECT_VERSION = 1;
				DEVELOPMENT_TEAM = FN4Y62X46R;
				GENERATE_INFOPLIST_FILE = YES;
				IPHONEOS_DEPLOYMENT_TARGET = 15.5;
				MARKETING_VERSION = 1.0;
				PRODUCT_BUNDLE_IDENTIFIER = com.akcosh.me.AssignmentTests;
				PRODUCT_NAME = "$(TARGET_NAME)";
				SWIFT_EMIT_LOC_STRINGS = NO;
				SWIFT_VERSION = 5.0;
				TARGETED_DEVICE_FAMILY = "1,2";
				TEST_HOST = "$(BUILT_PRODUCTS_DIR)/Assignment.app/Assignment";
			};
			name = Debug;
		};
		3A7D0AD228830E3700AF83E0 /* Release */ = {
			isa = XCBuildConfiguration;
			baseConfigurationReference = E294CE3794B3FA47D26CF3F5 /* Pods-AssignmentTests.release.xcconfig */;
			buildSettings = {
				ALWAYS_EMBED_SWIFT_STANDARD_LIBRARIES = YES;
				BUNDLE_LOADER = "$(TEST_HOST)";
				CODE_SIGN_STYLE = Automatic;
				CURRENT_PROJECT_VERSION = 1;
				DEVELOPMENT_TEAM = FN4Y62X46R;
				GENERATE_INFOPLIST_FILE = YES;
				IPHONEOS_DEPLOYMENT_TARGET = 15.5;
				MARKETING_VERSION = 1.0;
				PRODUCT_BUNDLE_IDENTIFIER = com.akcosh.me.AssignmentTests;
				PRODUCT_NAME = "$(TARGET_NAME)";
				SWIFT_EMIT_LOC_STRINGS = NO;
				SWIFT_VERSION = 5.0;
				TARGETED_DEVICE_FAMILY = "1,2";
				TEST_HOST = "$(BUILT_PRODUCTS_DIR)/Assignment.app/Assignment";
			};
			name = Release;
		};
		3A7D0AD428830E3700AF83E0 /* Debug */ = {
			isa = XCBuildConfiguration;
			baseConfigurationReference = 0C7FD6CC1EE411141E091835 /* Pods-Assignment-AssignmentUITests.debug.xcconfig */;
			buildSettings = {
				ALWAYS_EMBED_SWIFT_STANDARD_LIBRARIES = YES;
				CODE_SIGN_STYLE = Automatic;
				CURRENT_PROJECT_VERSION = 1;
				DEVELOPMENT_TEAM = FN4Y62X46R;
				GENERATE_INFOPLIST_FILE = YES;
				MARKETING_VERSION = 1.0;
				PRODUCT_BUNDLE_IDENTIFIER = com.akcosh.me.AssignmentUITests;
				PRODUCT_NAME = "$(TARGET_NAME)";
				SWIFT_EMIT_LOC_STRINGS = NO;
				SWIFT_VERSION = 5.0;
				TARGETED_DEVICE_FAMILY = "1,2";
				TEST_TARGET_NAME = Assignment;
			};
			name = Debug;
		};
		3A7D0AD528830E3700AF83E0 /* Release */ = {
			isa = XCBuildConfiguration;
			baseConfigurationReference = 891A215BD0A190FFD6E7DD39 /* Pods-Assignment-AssignmentUITests.release.xcconfig */;
			buildSettings = {
				ALWAYS_EMBED_SWIFT_STANDARD_LIBRARIES = YES;
				CODE_SIGN_STYLE = Automatic;
				CURRENT_PROJECT_VERSION = 1;
				DEVELOPMENT_TEAM = FN4Y62X46R;
				GENERATE_INFOPLIST_FILE = YES;
				MARKETING_VERSION = 1.0;
				PRODUCT_BUNDLE_IDENTIFIER = com.akcosh.me.AssignmentUITests;
				PRODUCT_NAME = "$(TARGET_NAME)";
				SWIFT_EMIT_LOC_STRINGS = NO;
				SWIFT_VERSION = 5.0;
				TARGETED_DEVICE_FAMILY = "1,2";
				TEST_TARGET_NAME = Assignment;
			};
			name = Release;
		};
/* End XCBuildConfiguration section */

/* Begin XCConfigurationList section */
		3A7D0AA428830E3600AF83E0 /* Build configuration list for PBXProject "Assignment" */ = {
			isa = XCConfigurationList;
			buildConfigurations = (
				3A7D0ACB28830E3700AF83E0 /* Debug */,
				3A7D0ACC28830E3700AF83E0 /* Release */,
			);
			defaultConfigurationIsVisible = 0;
			defaultConfigurationName = Release;
		};
		3A7D0ACD28830E3700AF83E0 /* Build configuration list for PBXNativeTarget "Assignment" */ = {
			isa = XCConfigurationList;
			buildConfigurations = (
				3A7D0ACE28830E3700AF83E0 /* Debug */,
				3A7D0ACF28830E3700AF83E0 /* Release */,
			);
			defaultConfigurationIsVisible = 0;
			defaultConfigurationName = Release;
		};
		3A7D0AD028830E3700AF83E0 /* Build configuration list for PBXNativeTarget "AssignmentTests" */ = {
			isa = XCConfigurationList;
			buildConfigurations = (
				3A7D0AD128830E3700AF83E0 /* Debug */,
				3A7D0AD228830E3700AF83E0 /* Release */,
			);
			defaultConfigurationIsVisible = 0;
			defaultConfigurationName = Release;
		};
		3A7D0AD328830E3700AF83E0 /* Build configuration list for PBXNativeTarget "AssignmentUITests" */ = {
			isa = XCConfigurationList;
			buildConfigurations = (
				3A7D0AD428830E3700AF83E0 /* Debug */,
				3A7D0AD528830E3700AF83E0 /* Release */,
			);
			defaultConfigurationIsVisible = 0;
			defaultConfigurationName = Release;
		};
/* End XCConfigurationList section */
	};
	rootObject = 3A7D0AA128830E3600AF83E0 /* Project object */;
}
